
Microsoft Visual Studio Solution File, Format Version 12.00
# Visual Studio Version 17
VisualStudioVersion = 17.9.34728.123
MinimumVisualStudioVersion = 10.0.40219.1
Project("{FAE04EC0-301F-11D3-BF4B-00C04F79EFBC}") = "Queue-stack-hashtable", "Queue-stack-hashtable\Queue-stack-hashtable.csproj", "{06F0CF09-9F0D-4BC8-A227-06D25AFB204C}"
EndProject
Global
	GlobalSection(SolutionConfigurationPlatforms) = preSolution
		Debug|Any CPU = Debug|Any CPU
		Release|Any CPU = Release|Any CPU
	EndGlobalSection
	GlobalSection(ProjectConfigurationPlatforms) = postSolution
		{06F0CF09-9F0D-4BC8-A227-06D25AFB204C}.Debug|Any CPU.ActiveCfg = Debug|Any CPU
		{06F0CF09-9F0D-4BC8-A227-06D25AFB204C}.Debug|Any CPU.Build.0 = Debug|Any CPU
		{06F0CF09-9F0D-4BC8-A227-06D25AFB204C}.Release|Any CPU.ActiveCfg = Release|Any CPU
		{06F0CF09-9F0D-4BC8-A227-06D25AFB204C}.Release|Any CPU.Build.0 = Release|Any CPU
	EndGlobalSection
	GlobalSection(SolutionProperties) = preSolution
		HideSolutionNode = FALSE
	EndGlobalSection
	GlobalSection(ExtensibilityGlobals) = postSolution
		SolutionGuid = {FF6EC603-6874-43F2-9F30-3B4B3022A895}
	EndGlobalSection
EndGlobal
