
Microsoft Visual Studio Solution File, Format Version 12.00
# Visual Studio Version 17
VisualStudioVersion = 17.9.34728.123
MinimumVisualStudioVersion = 10.0.40219.1
Project("{FAE04EC0-301F-11D3-BF4B-00C04F79EFBC}") = "Referências", "Referências\Referências.csproj", "{45C24B4D-22D2-484B-B984-49B25E9044BD}"
EndProject
Global
	GlobalSection(SolutionConfigurationPlatforms) = preSolution
		Debug|Any CPU = Debug|Any CPU
		Release|Any CPU = Release|Any CPU
	EndGlobalSection
	GlobalSection(ProjectConfigurationPlatforms) = postSolution
		{45C24B4D-22D2-484B-B984-49B25E9044BD}.Debug|Any CPU.ActiveCfg = Debug|Any CPU
		{45C24B4D-22D2-484B-B984-49B25E9044BD}.Debug|Any CPU.Build.0 = Debug|Any CPU
		{45C24B4D-22D2-484B-B984-49B25E9044BD}.Release|Any CPU.ActiveCfg = Release|Any CPU
		{45C24B4D-22D2-484B-B984-49B25E9044BD}.Release|Any CPU.Build.0 = Release|Any CPU
	EndGlobalSection
	GlobalSection(SolutionProperties) = preSolution
		HideSolutionNode = FALSE
	EndGlobalSection
	GlobalSection(ExtensibilityGlobals) = postSolution
		SolutionGuid = {7F302066-6C6D-4AC4-AC95-E6ACE8F45DBC}
	EndGlobalSection
EndGlobal
